
Microsoft Visual Studio Solution File, Format Version 12.00
# Visual Studio Version 17
VisualStudioVersion = 17.0.31717.71
MinimumVisualStudioVersion = 10.0.40219.1
Project("{FAE04EC0-301F-11D3-BF4B-00C04F79EFBC}") = "MultiLanguage", "MultiLanguage\MultiLanguage.csproj", "{70CBC77A-4F46-445F-BF7C-DD7EE278C9BF}"
EndProject
Global
	GlobalSection(SolutionConfigurationPlatforms) = preSolution
		Debug|Any CPU = Debug|Any CPU
		Release|Any CPU = Release|Any CPU
	EndGlobalSection
	GlobalSection(ProjectConfigurationPlatforms) = postSolution
		{70CBC77A-4F46-445F-BF7C-DD7EE278C9BF}.Debug|Any CPU.ActiveCfg = Debug|Any CPU
		{70CBC77A-4F46-445F-BF7C-DD7EE278C9BF}.Debug|Any CPU.Build.0 = Debug|Any CPU
		{70CBC77A-4F46-445F-BF7C-DD7EE278C9BF}.Release|Any CPU.ActiveCfg = Release|Any CPU
		{70CBC77A-4F46-445F-BF7C-DD7EE278C9BF}.Release|Any CPU.Build.0 = Release|Any CPU
	EndGlobalSection
	GlobalSection(SolutionProperties) = preSolution
		HideSolutionNode = FALSE
	EndGlobalSection
	GlobalSection(ExtensibilityGlobals) = postSolution
		SolutionGuid = {6AA87F84-AB68-469A-81B6-6273891E340B}
	EndGlobalSection
EndGlobal
